
Microsoft Visual Studio Solution File, Format Version 12.00
# Visual Studio Version 17
VisualStudioVersion = 17.1.32228.430
MinimumVisualStudioVersion = 10.0.40219.1
Project("{FAE04EC0-301F-11D3-BF4B-00C04F79EFBC}") = "ConsoleCircuito", "ConsoleCircuito\ConsoleCircuito.csproj", "{E0EB0DB6-CF39-4F02-B463-A668AEF000DD}"
EndProject
Global
	GlobalSection(SolutionConfigurationPlatforms) = preSolution
		Debug|Any CPU = Debug|Any CPU
		Release|Any CPU = Release|Any CPU
	EndGlobalSection
	GlobalSection(ProjectConfigurationPlatforms) = postSolution
		{E0EB0DB6-CF39-4F02-B463-A668AEF000DD}.Debug|Any CPU.ActiveCfg = Debug|Any CPU
		{E0EB0DB6-CF39-4F02-B463-A668AEF000DD}.Debug|Any CPU.Build.0 = Debug|Any CPU
		{E0EB0DB6-CF39-4F02-B463-A668AEF000DD}.Release|Any CPU.ActiveCfg = Release|Any CPU
		{E0EB0DB6-CF39-4F02-B463-A668AEF000DD}.Release|Any CPU.Build.0 = Release|Any CPU
	EndGlobalSection
	GlobalSection(SolutionProperties) = preSolution
		HideSolutionNode = FALSE
	EndGlobalSection
	GlobalSection(ExtensibilityGlobals) = postSolution
		SolutionGuid = {B28D8125-5B5B-44A5-BB8C-E864BA604D6E}
	EndGlobalSection
EndGlobal
